
Microsoft Visual Studio Solution File, Format Version 12.00
# Visual Studio 14
VisualStudioVersion = 14.0.22310.1
MinimumVisualStudioVersion = 10.0.40219.1
Project("{2150E333-8FDC-42A3-9474-1A3956D46DE8}") = ".nuget", ".nuget", "{2FD72230-180C-4960-B7B3-7B7BEB43A03A}"
	ProjectSection(SolutionItems) = preProject
		.nuget\NuGet.Config = .nuget\NuGet.Config
		.nuget\NuGet.exe = .nuget\NuGet.exe
		.nuget\NuGet.targets = .nuget\NuGet.targets
	EndProjectSection
EndProject
Project("{FAE04EC0-301F-11D3-BF4B-00C04F79EFBC}") = "Lecoati.BlenderGrid.Extension", "Src\Lecoati.BlenderGrid.Extension\Lecoati.BlenderGrid.Extension.csproj", "{C1A88503-8062-4992-85AB-8367B2D38630}"
EndProject
Project("{FAE04EC0-301F-11D3-BF4B-00C04F79EFBC}") = "Lecoati.BlenderGrid.Ui", "Src\Lecoati.BlenderGrid.Ui\Lecoati.BlenderGrid.Ui.csproj", "{80FE2D2A-C5EB-410E-9D67-2D20E3C54FED}"
EndProject
Global
	GlobalSection(SolutionConfigurationPlatforms) = preSolution
		Debug|Any CPU = Debug|Any CPU
		Release|Any CPU = Release|Any CPU
	EndGlobalSection
	GlobalSection(ProjectConfigurationPlatforms) = postSolution
		{C1A88503-8062-4992-85AB-8367B2D38630}.Debug|Any CPU.ActiveCfg = Debug|Any CPU
		{C1A88503-8062-4992-85AB-8367B2D38630}.Debug|Any CPU.Build.0 = Debug|Any CPU
		{C1A88503-8062-4992-85AB-8367B2D38630}.Release|Any CPU.ActiveCfg = Release|Any CPU
		{C1A88503-8062-4992-85AB-8367B2D38630}.Release|Any CPU.Build.0 = Release|Any CPU
		{80FE2D2A-C5EB-410E-9D67-2D20E3C54FED}.Debug|Any CPU.ActiveCfg = Debug|Any CPU
		{80FE2D2A-C5EB-410E-9D67-2D20E3C54FED}.Debug|Any CPU.Build.0 = Debug|Any CPU
		{80FE2D2A-C5EB-410E-9D67-2D20E3C54FED}.Release|Any CPU.ActiveCfg = Release|Any CPU
		{80FE2D2A-C5EB-410E-9D67-2D20E3C54FED}.Release|Any CPU.Build.0 = Release|Any CPU
	EndGlobalSection
	GlobalSection(SolutionProperties) = preSolution
		HideSolutionNode = FALSE
	EndGlobalSection
EndGlobal
